// !$*UTF8*$!
{
	archiveVersion = 1;
	classes = {
	};
	objectVersion = 51;
	objects = {

/* Begin PBXBuildFile section */
		612C0288938EA120FDF51C84 /* Pods_OneStopFilm.framework in Frameworks */ = {isa = PBXBuildFile; fileRef = 0EFF6515186A270670D1BC10 /* Pods_OneStopFilm.framework */; };
		E509976A22C57CBA0069DFCB /* NewRollLabelTableViewCell.swift in Sources */ = {isa = PBXBuildFile; fileRef = E509976922C57CBA0069DFCB /* NewRollLabelTableViewCell.swift */; };
		E509976C22C5818C0069DFCB /* FilmTableViewController.swift in Sources */ = {isa = PBXBuildFile; fileRef = E509976B22C5818C0069DFCB /* FilmTableViewController.swift */; };
		E509976E22C589300069DFCB /* NewRollTextField.swift in Sources */ = {isa = PBXBuildFile; fileRef = E509976D22C589300069DFCB /* NewRollTextField.swift */; };
		E509977022C58C190069DFCB /* CameraTableViewController.swift in Sources */ = {isa = PBXBuildFile; fileRef = E509976F22C58C190069DFCB /* CameraTableViewController.swift */; };
		E509977222C58CCC0069DFCB /* ColorCollectionViewController.swift in Sources */ = {isa = PBXBuildFile; fileRef = E509977122C58CCC0069DFCB /* ColorCollectionViewController.swift */; };
		E509977422CA79D90069DFCB /* CellConfigurator.swift in Sources */ = {isa = PBXBuildFile; fileRef = E509977322CA79D90069DFCB /* CellConfigurator.swift */; };
		E509977622CA7A7F0069DFCB /* NewRollModel.swift in Sources */ = {isa = PBXBuildFile; fileRef = E509977522CA7A7F0069DFCB /* NewRollModel.swift */; };
		E509977A22CAB6330069DFCB /* AddFilmPopup.swift in Sources */ = {isa = PBXBuildFile; fileRef = E509977922CAB6330069DFCB /* AddFilmPopup.swift */; };
		E509977E22CAC5050069DFCB /* BasePopup.swift in Sources */ = {isa = PBXBuildFile; fileRef = E509977D22CAC5050069DFCB /* BasePopup.swift */; };
		E509978022CACFE10069DFCB /* AddFilmPopUpModel.swift in Sources */ = {isa = PBXBuildFile; fileRef = E509977F22CACFE10069DFCB /* AddFilmPopUpModel.swift */; };
		E509978222CAFF5E0069DFCB /* FramesTableViewController.swift in Sources */ = {isa = PBXBuildFile; fileRef = E509978122CAFF5E0069DFCB /* FramesTableViewController.swift */; };
		E509978422CB03FF0069DFCB /* FramesTableViewCell.swift in Sources */ = {isa = PBXBuildFile; fileRef = E509978322CB03FF0069DFCB /* FramesTableViewCell.swift */; };
		E509978622CB0A480069DFCB /* LabelWithImage.swift in Sources */ = {isa = PBXBuildFile; fileRef = E509978522CB0A480069DFCB /* LabelWithImage.swift */; };
		E509978822CB0B200069DFCB /* FramesTableModel.swift in Sources */ = {isa = PBXBuildFile; fileRef = E509978722CB0B200069DFCB /* FramesTableModel.swift */; };
		E509978A22CB0F940069DFCB /* LabelWithImageView.swift in Sources */ = {isa = PBXBuildFile; fileRef = E509978922CB0F940069DFCB /* LabelWithImageView.swift */; };
		E509978C22CBD7080069DFCB /* DetailFrameViewController.swift in Sources */ = {isa = PBXBuildFile; fileRef = E509978B22CBD7080069DFCB /* DetailFrameViewController.swift */; };
		E50A454422BACD390047ABFE /* AppDelegate.swift in Sources */ = {isa = PBXBuildFile; fileRef = E50A454322BACD390047ABFE /* AppDelegate.swift */; };
		E50A454622BACD390047ABFE /* ActiveFilmRollsViewController.swift in Sources */ = {isa = PBXBuildFile; fileRef = E50A454522BACD390047ABFE /* ActiveFilmRollsViewController.swift */; };
		E50A454922BACD390047ABFE /* Main.storyboard in Resources */ = {isa = PBXBuildFile; fileRef = E50A454722BACD390047ABFE /* Main.storyboard */; };
		E50A454B22BACD3D0047ABFE /* Assets.xcassets in Resources */ = {isa = PBXBuildFile; fileRef = E50A454A22BACD3D0047ABFE /* Assets.xcassets */; };
		E50A454E22BACD3D0047ABFE /* LaunchScreen.storyboard in Resources */ = {isa = PBXBuildFile; fileRef = E50A454C22BACD3D0047ABFE /* LaunchScreen.storyboard */; };
		E526441722D31F0E008D5FAD /* Gradient.swift in Sources */ = {isa = PBXBuildFile; fileRef = E526441622D31F0E008D5FAD /* Gradient.swift */; };
		E526441A22D7FF04008D5FAD /* ThemeProtocol.swift in Sources */ = {isa = PBXBuildFile; fileRef = E526441922D7FF04008D5FAD /* ThemeProtocol.swift */; };
		E526441C22D8004A008D5FAD /* Color.swift in Sources */ = {isa = PBXBuildFile; fileRef = E526441B22D8004A008D5FAD /* Color.swift */; };
		E526441E22D80214008D5FAD /* LightTheme.swift in Sources */ = {isa = PBXBuildFile; fileRef = E526441D22D80214008D5FAD /* LightTheme.swift */; };
		E526442022D802CC008D5FAD /* DarkTheme.swift in Sources */ = {isa = PBXBuildFile; fileRef = E526441F22D802CC008D5FAD /* DarkTheme.swift */; };
		E526442222D804EC008D5FAD /* ActiveRollTheme.swift in Sources */ = {isa = PBXBuildFile; fileRef = E526442122D804EC008D5FAD /* ActiveRollTheme.swift */; };
		E526442422D80519008D5FAD /* ActiveRollThemeProtocol.swift in Sources */ = {isa = PBXBuildFile; fileRef = E526442322D80519008D5FAD /* ActiveRollThemeProtocol.swift */; };
		E526442622D80585008D5FAD /* ActiveRollThemes.swift in Sources */ = {isa = PBXBuildFile; fileRef = E526442522D80585008D5FAD /* ActiveRollThemes.swift */; };
		E55BDBD822CC24FE005AE251 /* LabelWithImageTableViewCell.swift in Sources */ = {isa = PBXBuildFile; fileRef = E55BDBD722CC24FE005AE251 /* LabelWithImageTableViewCell.swift */; };
		E55BDBDA22CC3284005AE251 /* SwiftDisclosureIndicator.swift in Sources */ = {isa = PBXBuildFile; fileRef = E55BDBD922CC3284005AE251 /* SwiftDisclosureIndicator.swift */; };
		E55BDBDC22CC425B005AE251 /* SliderTableViewCell.swift in Sources */ = {isa = PBXBuildFile; fileRef = E55BDBDB22CC425B005AE251 /* SliderTableViewCell.swift */; };
		E55BDBDE22CC4718005AE251 /* DetailFrameModel.swift in Sources */ = {isa = PBXBuildFile; fileRef = E55BDBDD22CC4718005AE251 /* DetailFrameModel.swift */; };
		E55BDBE022CC8DD6005AE251 /* SelfSizedTableView.swift in Sources */ = {isa = PBXBuildFile; fileRef = E55BDBDF22CC8DD6005AE251 /* SelfSizedTableView.swift */; };
		E55BDBE322CD014C005AE251 /* DataModel.xcdatamodeld in Sources */ = {isa = PBXBuildFile; fileRef = E55BDBE122CD014C005AE251 /* DataModel.xcdatamodeld */; };
		E570358422D247C5009FE20C /* AddCameraPopUp.swift in Sources */ = {isa = PBXBuildFile; fileRef = E570358322D247C5009FE20C /* AddCameraPopUp.swift */; };
		E5841D3922BD756700F99BC3 /* Extensions.swift in Sources */ = {isa = PBXBuildFile; fileRef = E5841D3822BD756700F99BC3 /* Extensions.swift */; };
		E5841D3B22BD758300F99BC3 /* Theme.swift in Sources */ = {isa = PBXBuildFile; fileRef = E5841D3A22BD758300F99BC3 /* Theme.swift */; };
		E5841D3D22BD7AD800F99BC3 /* ActiveFilmRollCell.swift in Sources */ = {isa = PBXBuildFile; fileRef = E5841D3C22BD7AD800F99BC3 /* ActiveFilmRollCell.swift */; };
		E5841D3F22BD99BC00F99BC3 /* CustomTabBarController.swift in Sources */ = {isa = PBXBuildFile; fileRef = E5841D3E22BD99BC00F99BC3 /* CustomTabBarController.swift */; };
		E5841D4122BD9F7B00F99BC3 /* DevelopTableViewController.swift in Sources */ = {isa = PBXBuildFile; fileRef = E5841D4022BD9F7B00F99BC3 /* DevelopTableViewController.swift */; };
		E5841D4322BD9F9200F99BC3 /* ArchiveCollectionViewController.swift in Sources */ = {isa = PBXBuildFile; fileRef = E5841D4222BD9F9200F99BC3 /* ArchiveCollectionViewController.swift */; };
		E5841D4522BD9FAB00F99BC3 /* SettingsTableViewController.swift in Sources */ = {isa = PBXBuildFile; fileRef = E5841D4422BD9FAB00F99BC3 /* SettingsTableViewController.swift */; };
		E5841D4922BDA81800F99BC3 /* BaseCollectionViewCell.swift in Sources */ = {isa = PBXBuildFile; fileRef = E5841D4822BDA81800F99BC3 /* BaseCollectionViewCell.swift */; };
		E58B60FA22C2DE5300DC9294 /* CircularProgressBar.swift in Sources */ = {isa = PBXBuildFile; fileRef = E58B60F922C2DE5300DC9294 /* CircularProgressBar.swift */; };
		E58B60FC22C2FFCA00DC9294 /* NewRollTableViewController.swift in Sources */ = {isa = PBXBuildFile; fileRef = E58B60FB22C2FFCA00DC9294 /* NewRollTableViewController.swift */; };
		E58B610122C31D1C00DC9294 /* BaseTableViewCell.swift in Sources */ = {isa = PBXBuildFile; fileRef = E58B610022C31D1C00DC9294 /* BaseTableViewCell.swift */; };
		E58B610322C31DCD00DC9294 /* NewRollTextFieldTableViewCell.swift in Sources */ = {isa = PBXBuildFile; fileRef = E58B610222C31DCD00DC9294 /* NewRollTextFieldTableViewCell.swift */; };
/* End PBXBuildFile section */

/* Begin PBXFileReference section */
		0EFF6515186A270670D1BC10 /* Pods_OneStopFilm.framework */ = {isa = PBXFileReference; explicitFileType = wrapper.framework; includeInIndex = 0; path = Pods_OneStopFilm.framework; sourceTree = BUILT_PRODUCTS_DIR; };
		52A082039121657CF1AA7C0E /* Pods-OneStopFilm.debug.xcconfig */ = {isa = PBXFileReference; includeInIndex = 1; lastKnownFileType = text.xcconfig; name = "Pods-OneStopFilm.debug.xcconfig"; path = "Target Support Files/Pods-OneStopFilm/Pods-OneStopFilm.debug.xcconfig"; sourceTree = "<group>"; };
		E33696AFD4590C16C7B6027C /* Pods-OneStopFilm.release.xcconfig */ = {isa = PBXFileReference; includeInIndex = 1; lastKnownFileType = text.xcconfig; name = "Pods-OneStopFilm.release.xcconfig"; path = "Target Support Files/Pods-OneStopFilm/Pods-OneStopFilm.release.xcconfig"; sourceTree = "<group>"; };
		E509976922C57CBA0069DFCB /* NewRollLabelTableViewCell.swift */ = {isa = PBXFileReference; lastKnownFileType = sourcecode.swift; path = NewRollLabelTableViewCell.swift; sourceTree = "<group>"; };
		E509976B22C5818C0069DFCB /* FilmTableViewController.swift */ = {isa = PBXFileReference; lastKnownFileType = sourcecode.swift; path = FilmTableViewController.swift; sourceTree = "<group>"; };
		E509976D22C589300069DFCB /* NewRollTextField.swift */ = {isa = PBXFileReference; lastKnownFileType = sourcecode.swift; path = NewRollTextField.swift; sourceTree = "<group>"; };
		E509976F22C58C190069DFCB /* CameraTableViewController.swift */ = {isa = PBXFileReference; lastKnownFileType = sourcecode.swift; path = CameraTableViewController.swift; sourceTree = "<group>"; };
		E509977122C58CCC0069DFCB /* ColorCollectionViewController.swift */ = {isa = PBXFileReference; lastKnownFileType = sourcecode.swift; path = ColorCollectionViewController.swift; sourceTree = "<group>"; };
		E509977322CA79D90069DFCB /* CellConfigurator.swift */ = {isa = PBXFileReference; lastKnownFileType = sourcecode.swift; path = CellConfigurator.swift; sourceTree = "<group>"; };
		E509977522CA7A7F0069DFCB /* NewRollModel.swift */ = {isa = PBXFileReference; lastKnownFileType = sourcecode.swift; path = NewRollModel.swift; sourceTree = "<group>"; };
		E509977922CAB6330069DFCB /* AddFilmPopup.swift */ = {isa = PBXFileReference; lastKnownFileType = sourcecode.swift; path = AddFilmPopup.swift; sourceTree = "<group>"; };
		E509977D22CAC5050069DFCB /* BasePopup.swift */ = {isa = PBXFileReference; lastKnownFileType = sourcecode.swift; path = BasePopup.swift; sourceTree = "<group>"; };
		E509977F22CACFE10069DFCB /* AddFilmPopUpModel.swift */ = {isa = PBXFileReference; lastKnownFileType = sourcecode.swift; path = AddFilmPopUpModel.swift; sourceTree = "<group>"; };
		E509978122CAFF5E0069DFCB /* FramesTableViewController.swift */ = {isa = PBXFileReference; lastKnownFileType = sourcecode.swift; path = FramesTableViewController.swift; sourceTree = "<group>"; };
		E509978322CB03FF0069DFCB /* FramesTableViewCell.swift */ = {isa = PBXFileReference; lastKnownFileType = sourcecode.swift; path = FramesTableViewCell.swift; sourceTree = "<group>"; };
		E509978522CB0A480069DFCB /* LabelWithImage.swift */ = {isa = PBXFileReference; lastKnownFileType = sourcecode.swift; path = LabelWithImage.swift; sourceTree = "<group>"; };
		E509978722CB0B200069DFCB /* FramesTableModel.swift */ = {isa = PBXFileReference; lastKnownFileType = sourcecode.swift; path = FramesTableModel.swift; sourceTree = "<group>"; };
		E509978922CB0F940069DFCB /* LabelWithImageView.swift */ = {isa = PBXFileReference; lastKnownFileType = sourcecode.swift; path = LabelWithImageView.swift; sourceTree = "<group>"; };
		E509978B22CBD7080069DFCB /* DetailFrameViewController.swift */ = {isa = PBXFileReference; lastKnownFileType = sourcecode.swift; path = DetailFrameViewController.swift; sourceTree = "<group>"; };
		E50A454022BACD390047ABFE /* OneStopFilm.app */ = {isa = PBXFileReference; explicitFileType = wrapper.application; includeInIndex = 0; path = OneStopFilm.app; sourceTree = BUILT_PRODUCTS_DIR; };
		E50A454322BACD390047ABFE /* AppDelegate.swift */ = {isa = PBXFileReference; lastKnownFileType = sourcecode.swift; path = AppDelegate.swift; sourceTree = "<group>"; };
		E50A454522BACD390047ABFE /* ActiveFilmRollsViewController.swift */ = {isa = PBXFileReference; lastKnownFileType = sourcecode.swift; path = ActiveFilmRollsViewController.swift; sourceTree = "<group>"; };
		E50A454822BACD390047ABFE /* Base */ = {isa = PBXFileReference; lastKnownFileType = file.storyboard; name = Base; path = Base.lproj/Main.storyboard; sourceTree = "<group>"; };
		E50A454A22BACD3D0047ABFE /* Assets.xcassets */ = {isa = PBXFileReference; lastKnownFileType = folder.assetcatalog; path = Assets.xcassets; sourceTree = "<group>"; };
		E50A454D22BACD3D0047ABFE /* Base */ = {isa = PBXFileReference; lastKnownFileType = file.storyboard; name = Base; path = Base.lproj/LaunchScreen.storyboard; sourceTree = "<group>"; };
		E50A454F22BACD3D0047ABFE /* Info.plist */ = {isa = PBXFileReference; lastKnownFileType = text.plist.xml; path = Info.plist; sourceTree = "<group>"; };
		E526441622D31F0E008D5FAD /* Gradient.swift */ = {isa = PBXFileReference; lastKnownFileType = sourcecode.swift; path = Gradient.swift; sourceTree = "<group>"; };
		E526441922D7FF04008D5FAD /* ThemeProtocol.swift */ = {isa = PBXFileReference; lastKnownFileType = sourcecode.swift; path = ThemeProtocol.swift; sourceTree = "<group>"; };
		E526441B22D8004A008D5FAD /* Color.swift */ = {isa = PBXFileReference; lastKnownFileType = sourcecode.swift; path = Color.swift; sourceTree = "<group>"; };
		E526441D22D80214008D5FAD /* LightTheme.swift */ = {isa = PBXFileReference; lastKnownFileType = sourcecode.swift; path = LightTheme.swift; sourceTree = "<group>"; };
		E526441F22D802CC008D5FAD /* DarkTheme.swift */ = {isa = PBXFileReference; lastKnownFileType = sourcecode.swift; path = DarkTheme.swift; sourceTree = "<group>"; };
		E526442122D804EC008D5FAD /* ActiveRollTheme.swift */ = {isa = PBXFileReference; lastKnownFileType = sourcecode.swift; path = ActiveRollTheme.swift; sourceTree = "<group>"; };
		E526442322D80519008D5FAD /* ActiveRollThemeProtocol.swift */ = {isa = PBXFileReference; lastKnownFileType = sourcecode.swift; path = ActiveRollThemeProtocol.swift; sourceTree = "<group>"; };
		E526442522D80585008D5FAD /* ActiveRollThemes.swift */ = {isa = PBXFileReference; lastKnownFileType = sourcecode.swift; path = ActiveRollThemes.swift; sourceTree = "<group>"; };
		E55BDBD722CC24FE005AE251 /* LabelWithImageTableViewCell.swift */ = {isa = PBXFileReference; lastKnownFileType = sourcecode.swift; path = LabelWithImageTableViewCell.swift; sourceTree = "<group>"; };
		E55BDBD922CC3284005AE251 /* SwiftDisclosureIndicator.swift */ = {isa = PBXFileReference; lastKnownFileType = sourcecode.swift; path = SwiftDisclosureIndicator.swift; sourceTree = "<group>"; };
		E55BDBDB22CC425B005AE251 /* SliderTableViewCell.swift */ = {isa = PBXFileReference; lastKnownFileType = sourcecode.swift; path = SliderTableViewCell.swift; sourceTree = "<group>"; };
		E55BDBDD22CC4718005AE251 /* DetailFrameModel.swift */ = {isa = PBXFileReference; lastKnownFileType = sourcecode.swift; path = DetailFrameModel.swift; sourceTree = "<group>"; };
		E55BDBDF22CC8DD6005AE251 /* SelfSizedTableView.swift */ = {isa = PBXFileReference; lastKnownFileType = sourcecode.swift; path = SelfSizedTableView.swift; sourceTree = "<group>"; };
		E55BDBE222CD014C005AE251 /* DataModel.xcdatamodel */ = {isa = PBXFileReference; lastKnownFileType = wrapper.xcdatamodel; path = DataModel.xcdatamodel; sourceTree = "<group>"; };
		E570358322D247C5009FE20C /* AddCameraPopUp.swift */ = {isa = PBXFileReference; lastKnownFileType = sourcecode.swift; path = AddCameraPopUp.swift; sourceTree = "<group>"; };
		E5841D3822BD756700F99BC3 /* Extensions.swift */ = {isa = PBXFileReference; lastKnownFileType = sourcecode.swift; path = Extensions.swift; sourceTree = "<group>"; };
		E5841D3A22BD758300F99BC3 /* Theme.swift */ = {isa = PBXFileReference; lastKnownFileType = sourcecode.swift; path = Theme.swift; sourceTree = "<group>"; };
		E5841D3C22BD7AD800F99BC3 /* ActiveFilmRollCell.swift */ = {isa = PBXFileReference; lastKnownFileType = sourcecode.swift; path = ActiveFilmRollCell.swift; sourceTree = "<group>"; };
		E5841D3E22BD99BC00F99BC3 /* CustomTabBarController.swift */ = {isa = PBXFileReference; lastKnownFileType = sourcecode.swift; path = CustomTabBarController.swift; sourceTree = "<group>"; };
		E5841D4022BD9F7B00F99BC3 /* DevelopTableViewController.swift */ = {isa = PBXFileReference; lastKnownFileType = sourcecode.swift; path = DevelopTableViewController.swift; sourceTree = "<group>"; };
		E5841D4222BD9F9200F99BC3 /* ArchiveCollectionViewController.swift */ = {isa = PBXFileReference; lastKnownFileType = sourcecode.swift; path = ArchiveCollectionViewController.swift; sourceTree = "<group>"; };
		E5841D4422BD9FAB00F99BC3 /* SettingsTableViewController.swift */ = {isa = PBXFileReference; lastKnownFileType = sourcecode.swift; path = SettingsTableViewController.swift; sourceTree = "<group>"; };
		E5841D4822BDA81800F99BC3 /* BaseCollectionViewCell.swift */ = {isa = PBXFileReference; lastKnownFileType = sourcecode.swift; path = BaseCollectionViewCell.swift; sourceTree = "<group>"; };
		E58B60F922C2DE5300DC9294 /* CircularProgressBar.swift */ = {isa = PBXFileReference; lastKnownFileType = sourcecode.swift; path = CircularProgressBar.swift; sourceTree = "<group>"; };
		E58B60FB22C2FFCA00DC9294 /* NewRollTableViewController.swift */ = {isa = PBXFileReference; lastKnownFileType = sourcecode.swift; path = NewRollTableViewController.swift; sourceTree = "<group>"; };
		E58B610022C31D1C00DC9294 /* BaseTableViewCell.swift */ = {isa = PBXFileReference; lastKnownFileType = sourcecode.swift; path = BaseTableViewCell.swift; sourceTree = "<group>"; };
		E58B610222C31DCD00DC9294 /* NewRollTextFieldTableViewCell.swift */ = {isa = PBXFileReference; lastKnownFileType = sourcecode.swift; path = NewRollTextFieldTableViewCell.swift; sourceTree = "<group>"; };
/* End PBXFileReference section */

/* Begin PBXFrameworksBuildPhase section */
		E50A453D22BACD390047ABFE /* Frameworks */ = {
			isa = PBXFrameworksBuildPhase;
			buildActionMask = 2147483647;
			files = (
				612C0288938EA120FDF51C84 /* Pods_OneStopFilm.framework in Frameworks */,
			);
			runOnlyForDeploymentPostprocessing = 0;
		};
/* End PBXFrameworksBuildPhase section */

/* Begin PBXGroup section */
		0C8374473BAA2335A8A73189 /* Frameworks */ = {
			isa = PBXGroup;
			children = (
				0EFF6515186A270670D1BC10 /* Pods_OneStopFilm.framework */,
			);
			name = Frameworks;
			sourceTree = "<group>";
		};
		E3DE3AFBEBA6C2EBEACB20AE /* Pods */ = {
			isa = PBXGroup;
			children = (
				52A082039121657CF1AA7C0E /* Pods-OneStopFilm.debug.xcconfig */,
				E33696AFD4590C16C7B6027C /* Pods-OneStopFilm.release.xcconfig */,
			);
			path = Pods;
			sourceTree = "<group>";
		};
		E50A453722BACD390047ABFE = {
			isa = PBXGroup;
			children = (
				E50A454222BACD390047ABFE /* OneStopFilm */,
				E50A454122BACD390047ABFE /* Products */,
				E3DE3AFBEBA6C2EBEACB20AE /* Pods */,
				0C8374473BAA2335A8A73189 /* Frameworks */,
			);
			sourceTree = "<group>";
		};
		E50A454122BACD390047ABFE /* Products */ = {
			isa = PBXGroup;
			children = (
				E50A454022BACD390047ABFE /* OneStopFilm.app */,
			);
			name = Products;
			sourceTree = "<group>";
		};
		E50A454222BACD390047ABFE /* OneStopFilm */ = {
			isa = PBXGroup;
			children = (
				E526441822D7FEC4008D5FAD /* Theme */,
				E50A454322BACD390047ABFE /* AppDelegate.swift */,
				E58B60FD22C30CE100DC9294 /* Model */,
				E50A455522BAE43C0047ABFE /* View */,
				E50A455722BAE47B0047ABFE /* Controller */,
				E5841D3722BD754900F99BC3 /* Extensions */,
				E50A455622BAE4590047ABFE /* Supporting Files */,
				E50A454722BACD390047ABFE /* Main.storyboard */,
				E50A454C22BACD3D0047ABFE /* LaunchScreen.storyboard */,
				E50A454F22BACD3D0047ABFE /* Info.plist */,
			);
			path = OneStopFilm;
			sourceTree = "<group>";
		};
		E50A455522BAE43C0047ABFE /* View */ = {
			isa = PBXGroup;
			children = (
				E5841D4822BDA81800F99BC3 /* BaseCollectionViewCell.swift */,
				E58B610022C31D1C00DC9294 /* BaseTableViewCell.swift */,
				E509977322CA79D90069DFCB /* CellConfigurator.swift */,
				E5841D3C22BD7AD800F99BC3 /* ActiveFilmRollCell.swift */,
				E58B610222C31DCD00DC9294 /* NewRollTextFieldTableViewCell.swift */,
				E509976922C57CBA0069DFCB /* NewRollLabelTableViewCell.swift */,
				E509977D22CAC5050069DFCB /* BasePopup.swift */,
				E509977922CAB6330069DFCB /* AddFilmPopup.swift */,
				E570358322D247C5009FE20C /* AddCameraPopUp.swift */,
				E58B60F922C2DE5300DC9294 /* CircularProgressBar.swift */,
				E509978322CB03FF0069DFCB /* FramesTableViewCell.swift */,
				E509978922CB0F940069DFCB /* LabelWithImageView.swift */,
				E55BDBD722CC24FE005AE251 /* LabelWithImageTableViewCell.swift */,
				E55BDBD922CC3284005AE251 /* SwiftDisclosureIndicator.swift */,
				E55BDBDB22CC425B005AE251 /* SliderTableViewCell.swift */,
				E55BDBDF22CC8DD6005AE251 /* SelfSizedTableView.swift */,
			);
			path = View;
			sourceTree = "<group>";
		};
		E50A455622BAE4590047ABFE /* Supporting Files */ = {
			isa = PBXGroup;
			children = (
				E50A454A22BACD3D0047ABFE /* Assets.xcassets */,
			);
			path = "Supporting Files";
			sourceTree = "<group>";
		};
		E50A455722BAE47B0047ABFE /* Controller */ = {
			isa = PBXGroup;
			children = (
				E50A454522BACD390047ABFE /* ActiveFilmRollsViewController.swift */,
				E5841D3E22BD99BC00F99BC3 /* CustomTabBarController.swift */,
				E5841D4022BD9F7B00F99BC3 /* DevelopTableViewController.swift */,
				E5841D4222BD9F9200F99BC3 /* ArchiveCollectionViewController.swift */,
				E5841D4422BD9FAB00F99BC3 /* SettingsTableViewController.swift */,
				E58B60FB22C2FFCA00DC9294 /* NewRollTableViewController.swift */,
				E509976B22C5818C0069DFCB /* FilmTableViewController.swift */,
				E509976F22C58C190069DFCB /* CameraTableViewController.swift */,
				E509977122C58CCC0069DFCB /* ColorCollectionViewController.swift */,
				E509978122CAFF5E0069DFCB /* FramesTableViewController.swift */,
				E509978B22CBD7080069DFCB /* DetailFrameViewController.swift */,
			);
			path = Controller;
			sourceTree = "<group>";
		};
		E526441822D7FEC4008D5FAD /* Theme */ = {
			isa = PBXGroup;
			children = (
				E526441B22D8004A008D5FAD /* Color.swift */,
				E526442322D80519008D5FAD /* ActiveRollThemeProtocol.swift */,
				E526442122D804EC008D5FAD /* ActiveRollTheme.swift */,
				E526442522D80585008D5FAD /* ActiveRollThemes.swift */,
				E526441922D7FF04008D5FAD /* ThemeProtocol.swift */,
				E5841D3A22BD758300F99BC3 /* Theme.swift */,
				E526441D22D80214008D5FAD /* LightTheme.swift */,
				E526441F22D802CC008D5FAD /* DarkTheme.swift */,
			);
			path = Theme;
			sourceTree = "<group>";
		};
		E5841D3722BD754900F99BC3 /* Extensions */ = {
			isa = PBXGroup;
			children = (
				E5841D3822BD756700F99BC3 /* Extensions.swift */,
			);
			path = Extensions;
			sourceTree = "<group>";
		};
		E58B60FD22C30CE100DC9294 /* Model */ = {
			isa = PBXGroup;
			children = (
				E509976D22C589300069DFCB /* NewRollTextField.swift */,
				E509977522CA7A7F0069DFCB /* NewRollModel.swift */,
				E509977F22CACFE10069DFCB /* AddFilmPopUpModel.swift */,
				E509978522CB0A480069DFCB /* LabelWithImage.swift */,
				E509978722CB0B200069DFCB /* FramesTableModel.swift */,
				E55BDBDD22CC4718005AE251 /* DetailFrameModel.swift */,
				E55BDBE122CD014C005AE251 /* DataModel.xcdatamodeld */,
				E526441622D31F0E008D5FAD /* Gradient.swift */,
			);
			path = Model;
			sourceTree = "<group>";
		};
/* End PBXGroup section */

/* Begin PBXNativeTarget section */
		E50A453F22BACD390047ABFE /* OneStopFilm */ = {
			isa = PBXNativeTarget;
			buildConfigurationList = E50A455222BACD3D0047ABFE /* Build configuration list for PBXNativeTarget "OneStopFilm" */;
			buildPhases = (
				C438F1A240DBCD5E8196AF34 /* [CP] Check Pods Manifest.lock */,
				E50A453C22BACD390047ABFE /* Sources */,
				E50A453D22BACD390047ABFE /* Frameworks */,
				E50A453E22BACD390047ABFE /* Resources */,
				B1457379AE7082B200FDB0AD /* [CP] Embed Pods Frameworks */,
				E55BDBD622CBFAAA005AE251 /* ShellScript */,
			);
			buildRules = (
			);
			dependencies = (
			);
			name = OneStopFilm;
			productName = OneStopFilm;
			productReference = E50A454022BACD390047ABFE /* OneStopFilm.app */;
			productType = "com.apple.product-type.application";
		};
/* End PBXNativeTarget section */

/* Begin PBXProject section */
		E50A453822BACD390047ABFE /* Project object */ = {
			isa = PBXProject;
			attributes = {
				LastSwiftUpdateCheck = 1020;
				LastUpgradeCheck = 1020;
				ORGANIZATIONNAME = "Trevor Speckman";
				TargetAttributes = {
					E50A453F22BACD390047ABFE = {
						CreatedOnToolsVersion = 10.2.1;
					};
				};
			};
			buildConfigurationList = E50A453B22BACD390047ABFE /* Build configuration list for PBXProject "OneStopFilm" */;
			compatibilityVersion = "Xcode 9.3";
			developmentRegion = en;
			hasScannedForEncodings = 0;
			knownRegions = (
				en,
				Base,
			);
			mainGroup = E50A453722BACD390047ABFE;
			productRefGroup = E50A454122BACD390047ABFE /* Products */;
			projectDirPath = "";
			projectRoot = "";
			targets = (
				E50A453F22BACD390047ABFE /* OneStopFilm */,
			);
		};
/* End PBXProject section */

/* Begin PBXResourcesBuildPhase section */
		E50A453E22BACD390047ABFE /* Resources */ = {
			isa = PBXResourcesBuildPhase;
			buildActionMask = 2147483647;
			files = (
				E50A454E22BACD3D0047ABFE /* LaunchScreen.storyboard in Resources */,
				E50A454B22BACD3D0047ABFE /* Assets.xcassets in Resources */,
				E50A454922BACD390047ABFE /* Main.storyboard in Resources */,
			);
			runOnlyForDeploymentPostprocessing = 0;
		};
/* End PBXResourcesBuildPhase section */

/* Begin PBXShellScriptBuildPhase section */
		B1457379AE7082B200FDB0AD /* [CP] Embed Pods Frameworks */ = {
			isa = PBXShellScriptBuildPhase;
			buildActionMask = 2147483647;
			files = (
			);
			inputFileListPaths = (
				"${PODS_ROOT}/Target Support Files/Pods-OneStopFilm/Pods-OneStopFilm-frameworks-${CONFIGURATION}-input-files.xcfilelist",
			);
			name = "[CP] Embed Pods Frameworks";
			outputFileListPaths = (
				"${PODS_ROOT}/Target Support Files/Pods-OneStopFilm/Pods-OneStopFilm-frameworks-${CONFIGURATION}-output-files.xcfilelist",
			);
			runOnlyForDeploymentPostprocessing = 0;
			shellPath = /bin/sh;
			shellScript = "\"${PODS_ROOT}/Target Support Files/Pods-OneStopFilm/Pods-OneStopFilm-frameworks.sh\"\n";
			showEnvVarsInLog = 0;
		};
		C438F1A240DBCD5E8196AF34 /* [CP] Check Pods Manifest.lock */ = {
			isa = PBXShellScriptBuildPhase;
			buildActionMask = 2147483647;
			files = (
			);
			inputFileListPaths = (
			);
			inputPaths = (
				"${PODS_PODFILE_DIR_PATH}/Podfile.lock",
				"${PODS_ROOT}/Manifest.lock",
			);
			name = "[CP] Check Pods Manifest.lock";
			outputFileListPaths = (
			);
			outputPaths = (
				"$(DERIVED_FILE_DIR)/Pods-OneStopFilm-checkManifestLockResult.txt",
			);
			runOnlyForDeploymentPostprocessing = 0;
			shellPath = /bin/sh;
			shellScript = "diff \"${PODS_PODFILE_DIR_PATH}/Podfile.lock\" \"${PODS_ROOT}/Manifest.lock\" > /dev/null\nif [ $? != 0 ] ; then\n    # print error to STDERR\n    echo \"error: The sandbox is not in sync with the Podfile.lock. Run 'pod install' or update your CocoaPods installation.\" >&2\n    exit 1\nfi\n# This output is used by Xcode 'outputs' to avoid re-running this script phase.\necho \"SUCCESS\" > \"${SCRIPT_OUTPUT_FILE_0}\"\n";
			showEnvVarsInLog = 0;
		};
		E55BDBD622CBFAAA005AE251 /* ShellScript */ = {
			isa = PBXShellScriptBuildPhase;
			buildActionMask = 2147483647;
			files = (
			);
			inputFileListPaths = (
			);
			inputPaths = (
				"$(TARGET_BUILD_DIR)/$(INFOPLIST_PATH)",
				"~/.mapbox",
			);
			outputFileListPaths = (
			);
			outputPaths = (
			);
			runOnlyForDeploymentPostprocessing = 0;
			shellPath = /bin/sh;
			shellScript = "# Look for a global file named 'mapbox' or '.mapbox' within the home directory\ntoken_file=~/.mapbox\ntoken_file2=~/mapbox\ntoken=\"$(cat $token_file 2>/dev/null || cat $token_file2 2>/dev/null)\"\nif [ \"$token\" ]; then\nplutil -replace MGLMapboxAccessToken -string $token \"$TARGET_BUILD_DIR/$INFOPLIST_PATH\"\nelse\necho 'warning: Missing Mapbox access token'\nopen 'https://www.mapbox.com/account/access-tokens/'\necho \"warning: Get an access token from <https://www.mapbox.com/account/access-tokens/>, then create a new file at $token_file or $token_file2 that contains the access token.\"\nfi\n";
		};
/* End PBXShellScriptBuildPhase section */

/* Begin PBXSourcesBuildPhase section */
		E50A453C22BACD390047ABFE /* Sources */ = {
			isa = PBXSourcesBuildPhase;
			buildActionMask = 2147483647;
			files = (
				E509978A22CB0F940069DFCB /* LabelWithImageView.swift in Sources */,
				E509976C22C5818C0069DFCB /* FilmTableViewController.swift in Sources */,
				E509977E22CAC5050069DFCB /* BasePopup.swift in Sources */,
				E5841D4122BD9F7B00F99BC3 /* DevelopTableViewController.swift in Sources */,
				E509977A22CAB6330069DFCB /* AddFilmPopup.swift in Sources */,
				E526441722D31F0E008D5FAD /* Gradient.swift in Sources */,
				E58B60FC22C2FFCA00DC9294 /* NewRollTableViewController.swift in Sources */,
				E55BDBDE22CC4718005AE251 /* DetailFrameModel.swift in Sources */,
				E50A454622BACD390047ABFE /* ActiveFilmRollsViewController.swift in Sources */,
				E509976E22C589300069DFCB /* NewRollTextField.swift in Sources */,
				E509978C22CBD7080069DFCB /* DetailFrameViewController.swift in Sources */,
				E55BDBE022CC8DD6005AE251 /* SelfSizedTableView.swift in Sources */,
				E526441A22D7FF04008D5FAD /* ThemeProtocol.swift in Sources */,
				E526441C22D8004A008D5FAD /* Color.swift in Sources */,
				E5841D3D22BD7AD800F99BC3 /* ActiveFilmRollCell.swift in Sources */,
				E509977222C58CCC0069DFCB /* ColorCollectionViewController.swift in Sources */,
				E5841D3B22BD758300F99BC3 /* Theme.swift in Sources */,
				E509977422CA79D90069DFCB /* CellConfigurator.swift in Sources */,
				E5841D3F22BD99BC00F99BC3 /* CustomTabBarController.swift in Sources */,
				E526442022D802CC008D5FAD /* DarkTheme.swift in Sources */,
				E509978222CAFF5E0069DFCB /* FramesTableViewController.swift in Sources */,
				E58B60FA22C2DE5300DC9294 /* CircularProgressBar.swift in Sources */,
				E509978822CB0B200069DFCB /* FramesTableModel.swift in Sources */,
				E5841D4322BD9F9200F99BC3 /* ArchiveCollectionViewController.swift in Sources */,
				E5841D4922BDA81800F99BC3 /* BaseCollectionViewCell.swift in Sources */,
				E570358422D247C5009FE20C /* AddCameraPopUp.swift in Sources */,
				E526442422D80519008D5FAD /* ActiveRollThemeProtocol.swift in Sources */,
				E526441E22D80214008D5FAD /* LightTheme.swift in Sources */,
				E58B610322C31DCD00DC9294 /* NewRollTextFieldTableViewCell.swift in Sources */,
				E50A454422BACD390047ABFE /* AppDelegate.swift in Sources */,
				E509978022CACFE10069DFCB /* AddFilmPopUpModel.swift in Sources */,
				E509976A22C57CBA0069DFCB /* NewRollLabelTableViewCell.swift in Sources */,
				E509978622CB0A480069DFCB /* LabelWithImage.swift in Sources */,
				E509977022C58C190069DFCB /* CameraTableViewController.swift in Sources */,
				E55BDBE322CD014C005AE251 /* DataModel.xcdatamodeld in Sources */,
				E55BDBD822CC24FE005AE251 /* LabelWithImageTableViewCell.swift in Sources */,
				E5841D3922BD756700F99BC3 /* Extensions.swift in Sources */,
				E526442622D80585008D5FAD /* ActiveRollThemes.swift in Sources */,
				E55BDBDC22CC425B005AE251 /* SliderTableViewCell.swift in Sources */,
				E526442222D804EC008D5FAD /* ActiveRollTheme.swift in Sources */,
				E509978422CB03FF0069DFCB /* FramesTableViewCell.swift in Sources */,
				E509977622CA7A7F0069DFCB /* NewRollModel.swift in Sources */,
				E58B610122C31D1C00DC9294 /* BaseTableViewCell.swift in Sources */,
				E55BDBDA22CC3284005AE251 /* SwiftDisclosureIndicator.swift in Sources */,
				E5841D4522BD9FAB00F99BC3 /* SettingsTableViewController.swift in Sources */,
			);
			runOnlyForDeploymentPostprocessing = 0;
		};
/* End PBXSourcesBuildPhase section */

/* Begin PBXVariantGroup section */
		E50A454722BACD390047ABFE /* Main.storyboard */ = {
			isa = PBXVariantGroup;
			children = (
				E50A454822BACD390047ABFE /* Base */,
			);
			name = Main.storyboard;
			sourceTree = "<group>";
		};
		E50A454C22BACD3D0047ABFE /* LaunchScreen.storyboard */ = {
			isa = PBXVariantGroup;
			children = (
				E50A454D22BACD3D0047ABFE /* Base */,
			);
			name = LaunchScreen.storyboard;
			sourceTree = "<group>";
		};
/* End PBXVariantGroup section */

/* Begin XCBuildConfiguration section */
		E50A455022BACD3D0047ABFE /* Debug */ = {
			isa = XCBuildConfiguration;
			buildSettings = {
				ALWAYS_SEARCH_USER_PATHS = NO;
				CLANG_ANALYZER_NONNULL = YES;
				CLANG_ANALYZER_NUMBER_OBJECT_CONVERSION = YES_AGGRESSIVE;
				CLANG_CXX_LANGUAGE_STANDARD = "gnu++14";
				CLANG_CXX_LIBRARY = "libc++";
				CLANG_ENABLE_MODULES = YES;
				CLANG_ENABLE_OBJC_ARC = YES;
				CLANG_ENABLE_OBJC_WEAK = YES;
				CLANG_WARN_BLOCK_CAPTURE_AUTORELEASING = YES;
				CLANG_WARN_BOOL_CONVERSION = YES;
				CLANG_WARN_COMMA = YES;
				CLANG_WARN_CONSTANT_CONVERSION = YES;
				CLANG_WARN_DEPRECATED_OBJC_IMPLEMENTATIONS = YES;
				CLANG_WARN_DIRECT_OBJC_ISA_USAGE = YES_ERROR;
				CLANG_WARN_DOCUMENTATION_COMMENTS = YES;
				CLANG_WARN_EMPTY_BODY = YES;
				CLANG_WARN_ENUM_CONVERSION = YES;
				CLANG_WARN_INFINITE_RECURSION = YES;
				CLANG_WARN_INT_CONVERSION = YES;
				CLANG_WARN_NON_LITERAL_NULL_CONVERSION = YES;
				CLANG_WARN_OBJC_IMPLICIT_RETAIN_SELF = YES;
				CLANG_WARN_OBJC_LITERAL_CONVERSION = YES;
				CLANG_WARN_OBJC_ROOT_CLASS = YES_ERROR;
				CLANG_WARN_RANGE_LOOP_ANALYSIS = YES;
				CLANG_WARN_STRICT_PROTOTYPES = YES;
				CLANG_WARN_SUSPICIOUS_MOVE = YES;
				CLANG_WARN_UNGUARDED_AVAILABILITY = YES_AGGRESSIVE;
				CLANG_WARN_UNREACHABLE_CODE = YES;
				CLANG_WARN__DUPLICATE_METHOD_MATCH = YES;
				CODE_SIGN_IDENTITY = "iPhone Developer";
				COPY_PHASE_STRIP = NO;
				DEBUG_INFORMATION_FORMAT = dwarf;
				ENABLE_STRICT_OBJC_MSGSEND = YES;
				ENABLE_TESTABILITY = YES;
				GCC_C_LANGUAGE_STANDARD = gnu11;
				GCC_DYNAMIC_NO_PIC = NO;
				GCC_NO_COMMON_BLOCKS = YES;
				GCC_OPTIMIZATION_LEVEL = 0;
				GCC_PREPROCESSOR_DEFINITIONS = (
					"DEBUG=1",
					"$(inherited)",
				);
				GCC_WARN_64_TO_32_BIT_CONVERSION = YES;
				GCC_WARN_ABOUT_RETURN_TYPE = YES_ERROR;
				GCC_WARN_UNDECLARED_SELECTOR = YES;
				GCC_WARN_UNINITIALIZED_AUTOS = YES_AGGRESSIVE;
				GCC_WARN_UNUSED_FUNCTION = YES;
				GCC_WARN_UNUSED_VARIABLE = YES;
				IPHONEOS_DEPLOYMENT_TARGET = 12.2;
				MTL_ENABLE_DEBUG_INFO = INCLUDE_SOURCE;
				MTL_FAST_MATH = YES;
				ONLY_ACTIVE_ARCH = YES;
				SDKROOT = iphoneos;
				SWIFT_ACTIVE_COMPILATION_CONDITIONS = DEBUG;
				SWIFT_OPTIMIZATION_LEVEL = "-Onone";
			};
			name = Debug;
		};
		E50A455122BACD3D0047ABFE /* Release */ = {
			isa = XCBuildConfiguration;
			buildSettings = {
				ALWAYS_SEARCH_USER_PATHS = NO;
				CLANG_ANALYZER_NONNULL = YES;
				CLANG_ANALYZER_NUMBER_OBJECT_CONVERSION = YES_AGGRESSIVE;
				CLANG_CXX_LANGUAGE_STANDARD = "gnu++14";
				CLANG_CXX_LIBRARY = "libc++";
				CLANG_ENABLE_MODULES = YES;
				CLANG_ENABLE_OBJC_ARC = YES;
				CLANG_ENABLE_OBJC_WEAK = YES;
				CLANG_WARN_BLOCK_CAPTURE_AUTORELEASING = YES;
				CLANG_WARN_BOOL_CONVERSION = YES;
				CLANG_WARN_COMMA = YES;
				CLANG_WARN_CONSTANT_CONVERSION = YES;
				CLANG_WARN_DEPRECATED_OBJC_IMPLEMENTATIONS = YES;
				CLANG_WARN_DIRECT_OBJC_ISA_USAGE = YES_ERROR;
				CLANG_WARN_DOCUMENTATION_COMMENTS = YES;
				CLANG_WARN_EMPTY_BODY = YES;
				CLANG_WARN_ENUM_CONVERSION = YES;
				CLANG_WARN_INFINITE_RECURSION = YES;
				CLANG_WARN_INT_CONVERSION = YES;
				CLANG_WARN_NON_LITERAL_NULL_CONVERSION = YES;
				CLANG_WARN_OBJC_IMPLICIT_RETAIN_SELF = YES;
				CLANG_WARN_OBJC_LITERAL_CONVERSION = YES;
				CLANG_WARN_OBJC_ROOT_CLASS = YES_ERROR;
				CLANG_WARN_RANGE_LOOP_ANALYSIS = YES;
				CLANG_WARN_STRICT_PROTOTYPES = YES;
				CLANG_WARN_SUSPICIOUS_MOVE = YES;
				CLANG_WARN_UNGUARDED_AVAILABILITY = YES_AGGRESSIVE;
				CLANG_WARN_UNREACHABLE_CODE = YES;
				CLANG_WARN__DUPLICATE_METHOD_MATCH = YES;
				CODE_SIGN_IDENTITY = "iPhone Developer";
				COPY_PHASE_STRIP = NO;
				DEBUG_INFORMATION_FORMAT = "dwarf-with-dsym";
				ENABLE_NS_ASSERTIONS = NO;
				ENABLE_STRICT_OBJC_MSGSEND = YES;
				GCC_C_LANGUAGE_STANDARD = gnu11;
				GCC_NO_COMMON_BLOCKS = YES;
				GCC_WARN_64_TO_32_BIT_CONVERSION = YES;
				GCC_WARN_ABOUT_RETURN_TYPE = YES_ERROR;
				GCC_WARN_UNDECLARED_SELECTOR = YES;
				GCC_WARN_UNINITIALIZED_AUTOS = YES_AGGRESSIVE;
				GCC_WARN_UNUSED_FUNCTION = YES;
				GCC_WARN_UNUSED_VARIABLE = YES;
				IPHONEOS_DEPLOYMENT_TARGET = 12.2;
				MTL_ENABLE_DEBUG_INFO = NO;
				MTL_FAST_MATH = YES;
				SDKROOT = iphoneos;
				SWIFT_COMPILATION_MODE = wholemodule;
				SWIFT_OPTIMIZATION_LEVEL = "-O";
				VALIDATE_PRODUCT = YES;
			};
			name = Release;
		};
		E50A455322BACD3D0047ABFE /* Debug */ = {
			isa = XCBuildConfiguration;
			baseConfigurationReference = 52A082039121657CF1AA7C0E /* Pods-OneStopFilm.debug.xcconfig */;
			buildSettings = {
				ASSETCATALOG_COMPILER_APPICON_NAME = AppIcon;
				CODE_SIGN_STYLE = Automatic;
				DEVELOPMENT_TEAM = R6W42HBD74;
				INFOPLIST_FILE = OneStopFilm/Info.plist;
				LD_RUNPATH_SEARCH_PATHS = (
					"$(inherited)",
					"@executable_path/Frameworks",
				);
				PRODUCT_BUNDLE_IDENTIFIER = com.TrevorSpeckman.OneStopFilm;
				PRODUCT_NAME = "$(TARGET_NAME)";
				SWIFT_VERSION = 5.0;
				TARGETED_DEVICE_FAMILY = "1,2";
			};
			name = Debug;
		};
		E50A455422BACD3D0047ABFE /* Release */ = {
			isa = XCBuildConfiguration;
			baseConfigurationReference = E33696AFD4590C16C7B6027C /* Pods-OneStopFilm.release.xcconfig */;
			buildSettings = {
				ASSETCATALOG_COMPILER_APPICON_NAME = AppIcon;
				CODE_SIGN_STYLE = Automatic;
				DEVELOPMENT_TEAM = R6W42HBD74;
				INFOPLIST_FILE = OneStopFilm/Info.plist;
				LD_RUNPATH_SEARCH_PATHS = (
					"$(inherited)",
					"@executable_path/Frameworks",
				);
				PRODUCT_BUNDLE_IDENTIFIER = com.TrevorSpeckman.OneStopFilm;
				PRODUCT_NAME = "$(TARGET_NAME)";
				SWIFT_VERSION = 5.0;
				TARGETED_DEVICE_FAMILY = "1,2";
			};
			name = Release;
		};
/* End XCBuildConfiguration section */

/* Begin XCConfigurationList section */
		E50A453B22BACD390047ABFE /* Build configuration list for PBXProject "OneStopFilm" */ = {
			isa = XCConfigurationList;
			buildConfigurations = (
				E50A455022BACD3D0047ABFE /* Debug */,
				E50A455122BACD3D0047ABFE /* Release */,
			);
			defaultConfigurationIsVisible = 0;
			defaultConfigurationName = Release;
		};
		E50A455222BACD3D0047ABFE /* Build configuration list for PBXNativeTarget "OneStopFilm" */ = {
			isa = XCConfigurationList;
			buildConfigurations = (
				E50A455322BACD3D0047ABFE /* Debug */,
				E50A455422BACD3D0047ABFE /* Release */,
			);
			defaultConfigurationIsVisible = 0;
			defaultConfigurationName = Release;
		};
/* End XCConfigurationList section */

/* Begin XCVersionGroup section */
		E55BDBE122CD014C005AE251 /* DataModel.xcdatamodeld */ = {
			isa = XCVersionGroup;
			children = (
				E55BDBE222CD014C005AE251 /* DataModel.xcdatamodel */,
			);
			currentVersion = E55BDBE222CD014C005AE251 /* DataModel.xcdatamodel */;
			path = DataModel.xcdatamodeld;
			sourceTree = "<group>";
			versionGroupType = wrapper.xcdatamodel;
		};
/* End XCVersionGroup section */
	};
	rootObject = E50A453822BACD390047ABFE /* Project object */;
}
